
Microsoft Visual Studio Solution File, Format Version 12.00
# Visual Studio 15
VisualStudioVersion = 15.0.28307.271
MinimumVisualStudioVersion = 10.0.40219.1
Project("{262852C6-CD72-467D-83FE-5EEB1973A190}") = "Control-FlowLogic_Lab", "App1\Control-FlowLogic_Lab.jsproj", "{F4877B01-613B-4BC8-9FAB-91967615C614}"
EndProject
Project("{262852C6-CD72-467D-83FE-5EEB1973A190}") = "DataTypesExpressionStatements", "DataTypesExpressionStatements\DataTypesExpressionStatements.jsproj", "{AA770514-8E9C-4743-9E50-752A476D45D8}"
EndProject
Project("{262852C6-CD72-467D-83FE-5EEB1973A190}") = "FunctionsAndArrowFunctions", "FunctionsAndArrowFunctions\FunctionsAndArrowFunctions.jsproj", "{E0BA4AEC-8AF7-4C4F-8F70-5F7F7FD50E46}"
EndProject
Project("{2150E333-8FDC-42A3-9474-1A3956D46DE8}") = "ExpressionsConditionalStatementsAndLoops", "ExpressionsConditionalStatementsAndLoops", "{BDFFBC21-9D2D-4F18-9E62-3C8623B23CA8}"
EndProject
Project("{2150E333-8FDC-42A3-9474-1A3956D46DE8}") = "Exercise_Functions", "Exercise_Functions", "{EE3E6FC9-3066-4DCA-90DC-8937F0570E8B}"
EndProject
Project("{2150E333-8FDC-42A3-9474-1A3956D46DE8}") = "JS_ArrayAndMatrix", "JS_ArrayAndMatrix", "{27D13C1D-649F-402A-AA80-0B286A48B954}"
EndProject
Project("{262852C6-CD72-467D-83FE-5EEB1973A190}") = "ArraysAndMatrices_Lab", "ArraysAndMatrices_Lab\ArraysAndMatrices_Lab.jsproj", "{AD491A35-95FF-4A4B-9B4C-6525944E2BA5}"
EndProject
Project("{2150E333-8FDC-42A3-9474-1A3956D46DE8}") = "ArrayAndMatrix_Lab", "ArrayAndMatrix_Lab", "{9636A15B-C69C-4B71-AE1F-C9A56EA614EA}"
EndProject
Project("{262852C6-CD72-467D-83FE-5EEB1973A190}") = "ArrayAndMatrix_Exercise", "ArrayAndMatrix_Exercise\ArrayAndMatrix_Exercise.jsproj", "{6B69EA11-7316-4F5D-A6CD-8443F49C08D6}"
EndProject
Project("{262852C6-CD72-467D-83FE-5EEB1973A190}") = "JS_MyTools", "JS_MyTools\JS_MyTools.jsproj", "{3FCBE822-9ECD-4996-97F6-3A121C7CE3D0}"
EndProject
Project("{2150E333-8FDC-42A3-9474-1A3956D46DE8}") = "StringsAndRegularExpressions", "StringsAndRegularExpressions", "{6D925BB0-83ED-406D-8579-89780C345751}"
EndProject
Project("{2150E333-8FDC-42A3-9474-1A3956D46DE8}") = "SringRegex_Lab", "SringRegex_Lab", "{26F50CB1-FF85-457A-A1CB-9F0A836312BD}"
EndProject
Project("{2150E333-8FDC-42A3-9474-1A3956D46DE8}") = "StringAndRegex_Exercise", "StringAndRegex_Exercise", "{25AF8DF6-FB1D-4D71-BEDD-1009883697FE}"
EndProject
Project("{262852C6-CD72-467D-83FE-5EEB1973A190}") = "StringAndRegex_Lab", "StringAndRegex_Lab\StringAndRegex_Lab.jsproj", "{627EA06A-5DF9-4DBC-8EAD-9780B42B09A3}"
EndProject
Project("{262852C6-CD72-467D-83FE-5EEB1973A190}") = "StringAndRegEx_Exercises", "StringAndRegEx_Exercises\StringAndRegEx_Exercises.jsproj", "{BB1FBCEE-EAED-45EE-96D1-C149D52FFACC}"
EndProject
Project("{2150E333-8FDC-42A3-9474-1A3956D46DE8}") = "ObjectsAndAsscArrays", "ObjectsAndAsscArrays", "{853C1FD1-7F62-4684-9ABD-D10C4C679F94}"
EndProject
Project("{2150E333-8FDC-42A3-9474-1A3956D46DE8}") = "ObjectsAndAssocArrays_Lab", "ObjectsAndAssocArrays_Lab", "{6D9D7A6E-7367-44EB-A9EE-2E89C92B36A6}"
EndProject
Project("{262852C6-CD72-467D-83FE-5EEB1973A190}") = "ObjectsAndAssocArrays", "ObjectsAndAssocArrays\ObjectsAndAssocArrays.jsproj", "{79FA78D4-C996-477C-BB36-C084A3CE6DBE}"
EndProject
Project("{2150E333-8FDC-42A3-9474-1A3956D46DE8}") = "ObjectAndAssocArrays_Exercise", "ObjectAndAssocArrays_Exercise", "{CA4E5D18-15E5-4521-A219-DE73B06352C8}"
	ProjectSection(SolutionItems) = preProject
		TextFile1.txt = TextFile1.txt
	EndProjectSection
EndProject
Project("{262852C6-CD72-467D-83FE-5EEB1973A190}") = "ObjectAndJSON", "ObjectAndJSON\ObjectAndJSON.jsproj", "{D67C7212-C198-40B2-9843-D9D916D808F7}"
EndProject
Project("{2150E333-8FDC-42A3-9474-1A3956D46DE8}") = "Conditions", "Conditions", "{5A0746BD-6009-46B3-8FCE-6760CF44D38E}"
	ProjectSection(SolutionItems) = preProject
		..\..\..\Downloads\06.Objects-and-Assoc-Arrays-Exercises.docx = ..\..\..\Downloads\06.Objects-and-Assoc-Arrays-Exercises.docx
	EndProjectSection
EndProject
Project("{2150E333-8FDC-42A3-9474-1A3956D46DE8}") = "ExamPrep_1", "ExamPrep_1", "{BF59DF02-5A1B-4B78-A1DE-80F8B1126A48}"
EndProject
Project("{262852C6-CD72-467D-83FE-5EEB1973A190}") = "ExamPreparation_!", "ExamPreparation_!\ExamPreparation_!.jsproj", "{522E6E2E-A20F-46FA-824C-ECB036FDB6D5}"
EndProject
Project("{2150E333-8FDC-42A3-9474-1A3956D46DE8}") = "Conditions", "Conditions", "{9B1A6FC2-9C3D-473D-A102-84B330A8799E}"
	ProjectSection(SolutionItems) = preProject
		..\..\..\AppData\Local\Temp\Conditions\1. Kompot_Условие.docx = ..\..\..\AppData\Local\Temp\Conditions\1. Kompot_Условие.docx
		..\..\..\AppData\Local\Temp\Conditions\2. F1 Race_Условие.docx = ..\..\..\AppData\Local\Temp\Conditions\2. F1 Race_Условие.docx
		..\..\..\AppData\Local\Temp\Conditions\3. DNAex_Условие.docx = ..\..\..\AppData\Local\Temp\Conditions\3. DNAex_Условие.docx
		..\..\..\AppData\Local\Temp\Conditions\4. F1 Championship_Условие.docx = ..\..\..\AppData\Local\Temp\Conditions\4. F1 Championship_Условие.docx
	EndProjectSection
EndProject
Project("{2150E333-8FDC-42A3-9474-1A3956D46DE8}") = "ExamPrep_2", "ExamPrep_2", "{B7FC4B14-8147-4E8B-ADC3-1995AD08CF34}"
EndProject
Project("{2150E333-8FDC-42A3-9474-1A3956D46DE8}") = "Conditions", "Conditions", "{177D9D40-4138-4081-86C6-18C14333F87B}"
	ProjectSection(SolutionItems) = preProject
		..\..\..\AppData\Local\Temp\01. Bitcoin Mining_Условие (DOCX).docx = ..\..\..\AppData\Local\Temp\01. Bitcoin Mining_Условие (DOCX).docx
		..\..\..\Downloads\02. Air Pollution_Условие (DOCX).docx = ..\..\..\Downloads\02. Air Pollution_Условие (DOCX).docx
		..\..\..\Downloads\03. Survey Parser_Условие (DOCX).docx = ..\..\..\Downloads\03. Survey Parser_Условие (DOCX).docx
		..\..\..\Downloads\04. Game of Epicness_Условие (DOCX).docx = ..\..\..\Downloads\04. Game of Epicness_Условие (DOCX).docx
	EndProjectSection
EndProject
Project("{262852C6-CD72-467D-83FE-5EEB1973A190}") = "ExamPrep_2", "ExamPrep_2\ExamPrep_2.jsproj", "{995E2C46-D019-4F1C-82CF-346211FDE899}"
EndProject
Project("{2150E333-8FDC-42A3-9474-1A3956D46DE8}") = "Exam_October2018", "Exam_October2018", "{1644C089-00A1-4F69-984D-0C9AFB0E7B33}"
EndProject
Project("{262852C6-CD72-467D-83FE-5EEB1973A190}") = "CofeeMashine", "CofeeMashine\CofeeMashine.jsproj", "{E68CB904-A298-4B83-8475-EC61668C295B}"
EndProject
Project("{2150E333-8FDC-42A3-9474-1A3956D46DE8}") = "CofeeMashin", "CofeeMashin", "{928371EE-C114-43EF-A337-017EFF45709A}"
	ProjectSection(SolutionItems) = preProject
		..\..\..\Downloads\01. Coffee Machine_01. Coffee Machine.docx = ..\..\..\Downloads\01. Coffee Machine_01. Coffee Machine.docx
	EndProjectSection
EndProject
Project("{2150E333-8FDC-42A3-9474-1A3956D46DE8}") = "ATMMashine", "ATMMashine", "{53F1E91D-C3CD-4BC6-AF27-B87B0263E996}"
	ProjectSection(SolutionItems) = preProject
		..\..\..\Downloads\02. ATM Machine_02. ATM Machine.docx = ..\..\..\Downloads\02. ATM Machine_02. ATM Machine.docx
	EndProjectSection
EndProject
Project("{262852C6-CD72-467D-83FE-5EEB1973A190}") = "ATMMashine", "ATMMashine\ATMMashine.jsproj", "{8C7590D7-6825-437E-970D-AD85B5BD8178}"
EndProject
Project("{2150E333-8FDC-42A3-9474-1A3956D46DE8}") = "TicketSkan", "TicketSkan", "{C405B7CB-0FD0-4D24-A830-C8F1CFC9520B}"
	ProjectSection(SolutionItems) = preProject
		..\..\..\Downloads\03. Tickets Scan_03. Tickets Scan.docx = ..\..\..\Downloads\03. Tickets Scan_03. Tickets Scan.docx
	EndProjectSection
EndProject
Project("{9092AA53-FB77-4645-B42D-1CCCA6BD08BD}") = "TicketScan", "TicketScan\TicketScan.njsproj", "{AB86085A-C502-4DD9-A7DE-5967721E4B69}"
EndProject
Project("{2150E333-8FDC-42A3-9474-1A3956D46DE8}") = "WarehouseMachine", "WarehouseMachine", "{BF8A6A9B-DCCC-4685-A247-0A9BA2F1F8C8}"
	ProjectSection(SolutionItems) = preProject
		..\..\..\Downloads\04. Warehouse Machine_04. Warehouse Machine.docx = ..\..\..\Downloads\04. Warehouse Machine_04. Warehouse Machine.docx
	EndProjectSection
EndProject
Project("{9092AA53-FB77-4645-B42D-1CCCA6BD08BD}") = "WarehouseMachine", "WarehouseMachine\WarehouseMachine.njsproj", "{888AB65D-3594-4499-A8B1-B003EED986FD}"
EndProject
Project("{2150E333-8FDC-42A3-9474-1A3956D46DE8}") = "RetakeExamDecember2018", "RetakeExamDecember2018", "{5ACD4D93-AEBA-4B65-B6D6-C9BFAD834910}"
EndProject
Project("{2150E333-8FDC-42A3-9474-1A3956D46DE8}") = "Stadium", "Stadium", "{76469A71-F3E4-4F7B-8948-208E9ADA86F5}"
	ProjectSection(SolutionItems) = preProject
		..\..\..\Downloads\01. Stadium_Description.docx = ..\..\..\Downloads\01. Stadium_Description.docx
	EndProjectSection
EndProject
Project("{9092AA53-FB77-4645-B42D-1CCCA6BD08BD}") = "Stadium", "Stadium\Stadium.njsproj", "{638EEF96-6040-4BF2-8284-67E4ADD91C9B}"
EndProject
Project("{2150E333-8FDC-42A3-9474-1A3956D46DE8}") = "Crossword", "Crossword", "{DD3243B1-BFA1-41F8-8B4F-3C95E4907614}"
	ProjectSection(SolutionItems) = preProject
		..\..\..\Downloads\02. Crossword_Description.docx = ..\..\..\Downloads\02. Crossword_Description.docx
	EndProjectSection
EndProject
Project("{9092AA53-FB77-4645-B42D-1CCCA6BD08BD}") = "Crossword", "Crossword\Crossword.njsproj", "{C5FF9DC3-246F-4052-ADE0-07F08F55E932}"
EndProject
Project("{2150E333-8FDC-42A3-9474-1A3956D46DE8}") = "Extractor", "Extractor", "{4E87F299-7A52-469A-92F9-8DE4CCBCF43D}"
	ProjectSection(SolutionItems) = preProject
		..\..\..\Downloads\03. Extractor_Description.docx = ..\..\..\Downloads\03. Extractor_Description.docx
	EndProjectSection
EndProject
Project("{9092AA53-FB77-4645-B42D-1CCCA6BD08BD}") = "Extractor", "Extractor\Extractor.njsproj", "{5670342B-FF24-4708-AEDC-658DDAB599AF}"
EndProject
Project("{2150E333-8FDC-42A3-9474-1A3956D46DE8}") = "Trucks", "Trucks", "{B97D98C1-8D0E-425B-ABE7-7E2BB36C53B0}"
	ProjectSection(SolutionItems) = preProject
		..\..\..\Downloads\04. Trucks_Description.docx = ..\..\..\Downloads\04. Trucks_Description.docx
	EndProjectSection
EndProject
Project("{9092AA53-FB77-4645-B42D-1CCCA6BD08BD}") = "Trucks", "Trucks\Trucks.njsproj", "{BFE95CC4-90D4-44C5-89C3-914B5C347E1E}"
EndProject
Global
	GlobalSection(SolutionConfigurationPlatforms) = preSolution
		Debug|Any CPU = Debug|Any CPU
		Debug|ARM = Debug|ARM
		Debug|ARM64 = Debug|ARM64
		Debug|x64 = Debug|x64
		Debug|x86 = Debug|x86
		Release|Any CPU = Release|Any CPU
		Release|ARM = Release|ARM
		Release|ARM64 = Release|ARM64
		Release|x64 = Release|x64
		Release|x86 = Release|x86
	EndGlobalSection
	GlobalSection(ProjectConfigurationPlatforms) = postSolution
		{F4877B01-613B-4BC8-9FAB-91967615C614}.Debug|Any CPU.ActiveCfg = Debug|Any CPU
		{F4877B01-613B-4BC8-9FAB-91967615C614}.Debug|Any CPU.Build.0 = Debug|Any CPU
		{F4877B01-613B-4BC8-9FAB-91967615C614}.Debug|Any CPU.Deploy.0 = Debug|Any CPU
		{F4877B01-613B-4BC8-9FAB-91967615C614}.Debug|ARM.ActiveCfg = Debug|ARM
		{F4877B01-613B-4BC8-9FAB-91967615C614}.Debug|ARM.Build.0 = Debug|ARM
		{F4877B01-613B-4BC8-9FAB-91967615C614}.Debug|ARM.Deploy.0 = Debug|ARM
		{F4877B01-613B-4BC8-9FAB-91967615C614}.Debug|ARM64.ActiveCfg = Debug|ARM64
		{F4877B01-613B-4BC8-9FAB-91967615C614}.Debug|ARM64.Build.0 = Debug|ARM64
		{F4877B01-613B-4BC8-9FAB-91967615C614}.Debug|ARM64.Deploy.0 = Debug|ARM64
		{F4877B01-613B-4BC8-9FAB-91967615C614}.Debug|x64.ActiveCfg = Debug|x64
		{F4877B01-613B-4BC8-9FAB-91967615C614}.Debug|x64.Build.0 = Debug|x64
		{F4877B01-613B-4BC8-9FAB-91967615C614}.Debug|x64.Deploy.0 = Debug|x64
		{F4877B01-613B-4BC8-9FAB-91967615C614}.Debug|x86.ActiveCfg = Debug|x86
		{F4877B01-613B-4BC8-9FAB-91967615C614}.Debug|x86.Build.0 = Debug|x86
		{F4877B01-613B-4BC8-9FAB-91967615C614}.Debug|x86.Deploy.0 = Debug|x86
		{F4877B01-613B-4BC8-9FAB-91967615C614}.Release|Any CPU.ActiveCfg = Release|Any CPU
		{F4877B01-613B-4BC8-9FAB-91967615C614}.Release|Any CPU.Build.0 = Release|Any CPU
		{F4877B01-613B-4BC8-9FAB-91967615C614}.Release|Any CPU.Deploy.0 = Release|Any CPU
		{F4877B01-613B-4BC8-9FAB-91967615C614}.Release|ARM.ActiveCfg = Release|ARM
		{F4877B01-613B-4BC8-9FAB-91967615C614}.Release|ARM.Build.0 = Release|ARM
		{F4877B01-613B-4BC8-9FAB-91967615C614}.Release|ARM.Deploy.0 = Release|ARM
		{F4877B01-613B-4BC8-9FAB-91967615C614}.Release|ARM64.ActiveCfg = Release|ARM64
		{F4877B01-613B-4BC8-9FAB-91967615C614}.Release|ARM64.Build.0 = Release|ARM64
		{F4877B01-613B-4BC8-9FAB-91967615C614}.Release|ARM64.Deploy.0 = Release|ARM64
		{F4877B01-613B-4BC8-9FAB-91967615C614}.Release|x64.ActiveCfg = Release|x64
		{F4877B01-613B-4BC8-9FAB-91967615C614}.Release|x64.Build.0 = Release|x64
		{F4877B01-613B-4BC8-9FAB-91967615C614}.Release|x64.Deploy.0 = Release|x64
		{F4877B01-613B-4BC8-9FAB-91967615C614}.Release|x86.ActiveCfg = Release|x86
		{F4877B01-613B-4BC8-9FAB-91967615C614}.Release|x86.Build.0 = Release|x86
		{F4877B01-613B-4BC8-9FAB-91967615C614}.Release|x86.Deploy.0 = Release|x86
		{AA770514-8E9C-4743-9E50-752A476D45D8}.Debug|Any CPU.ActiveCfg = Debug|Any CPU
		{AA770514-8E9C-4743-9E50-752A476D45D8}.Debug|Any CPU.Build.0 = Debug|Any CPU
		{AA770514-8E9C-4743-9E50-752A476D45D8}.Debug|Any CPU.Deploy.0 = Debug|Any CPU
		{AA770514-8E9C-4743-9E50-752A476D45D8}.Debug|ARM.ActiveCfg = Debug|ARM
		{AA770514-8E9C-4743-9E50-752A476D45D8}.Debug|ARM.Build.0 = Debug|ARM
		{AA770514-8E9C-4743-9E50-752A476D45D8}.Debug|ARM.Deploy.0 = Debug|ARM
		{AA770514-8E9C-4743-9E50-752A476D45D8}.Debug|ARM64.ActiveCfg = Debug|ARM64
		{AA770514-8E9C-4743-9E50-752A476D45D8}.Debug|ARM64.Build.0 = Debug|ARM64
		{AA770514-8E9C-4743-9E50-752A476D45D8}.Debug|ARM64.Deploy.0 = Debug|ARM64
		{AA770514-8E9C-4743-9E50-752A476D45D8}.Debug|x64.ActiveCfg = Debug|x64
		{AA770514-8E9C-4743-9E50-752A476D45D8}.Debug|x64.Build.0 = Debug|x64
		{AA770514-8E9C-4743-9E50-752A476D45D8}.Debug|x64.Deploy.0 = Debug|x64
		{AA770514-8E9C-4743-9E50-752A476D45D8}.Debug|x86.ActiveCfg = Debug|x86
		{AA770514-8E9C-4743-9E50-752A476D45D8}.Debug|x86.Build.0 = Debug|x86
		{AA770514-8E9C-4743-9E50-752A476D45D8}.Debug|x86.Deploy.0 = Debug|x86
		{AA770514-8E9C-4743-9E50-752A476D45D8}.Release|Any CPU.ActiveCfg = Release|Any CPU
		{AA770514-8E9C-4743-9E50-752A476D45D8}.Release|Any CPU.Build.0 = Release|Any CPU
		{AA770514-8E9C-4743-9E50-752A476D45D8}.Release|Any CPU.Deploy.0 = Release|Any CPU
		{AA770514-8E9C-4743-9E50-752A476D45D8}.Release|ARM.ActiveCfg = Release|ARM
		{AA770514-8E9C-4743-9E50-752A476D45D8}.Release|ARM.Build.0 = Release|ARM
		{AA770514-8E9C-4743-9E50-752A476D45D8}.Release|ARM.Deploy.0 = Release|ARM
		{AA770514-8E9C-4743-9E50-752A476D45D8}.Release|ARM64.ActiveCfg = Release|ARM64
		{AA770514-8E9C-4743-9E50-752A476D45D8}.Release|ARM64.Build.0 = Release|ARM64
		{AA770514-8E9C-4743-9E50-752A476D45D8}.Release|ARM64.Deploy.0 = Release|ARM64
		{AA770514-8E9C-4743-9E50-752A476D45D8}.Release|x64.ActiveCfg = Release|x64
		{AA770514-8E9C-4743-9E50-752A476D45D8}.Release|x64.Build.0 = Release|x64
		{AA770514-8E9C-4743-9E50-752A476D45D8}.Release|x64.Deploy.0 = Release|x64
		{AA770514-8E9C-4743-9E50-752A476D45D8}.Release|x86.ActiveCfg = Release|x86
		{AA770514-8E9C-4743-9E50-752A476D45D8}.Release|x86.Build.0 = Release|x86
		{AA770514-8E9C-4743-9E50-752A476D45D8}.Release|x86.Deploy.0 = Release|x86
		{E0BA4AEC-8AF7-4C4F-8F70-5F7F7FD50E46}.Debug|Any CPU.ActiveCfg = Debug|Any CPU
		{E0BA4AEC-8AF7-4C4F-8F70-5F7F7FD50E46}.Debug|Any CPU.Build.0 = Debug|Any CPU
		{E0BA4AEC-8AF7-4C4F-8F70-5F7F7FD50E46}.Debug|Any CPU.Deploy.0 = Debug|Any CPU
		{E0BA4AEC-8AF7-4C4F-8F70-5F7F7FD50E46}.Debug|ARM.ActiveCfg = Debug|ARM
		{E0BA4AEC-8AF7-4C4F-8F70-5F7F7FD50E46}.Debug|ARM.Build.0 = Debug|ARM
		{E0BA4AEC-8AF7-4C4F-8F70-5F7F7FD50E46}.Debug|ARM.Deploy.0 = Debug|ARM
		{E0BA4AEC-8AF7-4C4F-8F70-5F7F7FD50E46}.Debug|ARM64.ActiveCfg = Debug|ARM64
		{E0BA4AEC-8AF7-4C4F-8F70-5F7F7FD50E46}.Debug|ARM64.Build.0 = Debug|ARM64
		{E0BA4AEC-8AF7-4C4F-8F70-5F7F7FD50E46}.Debug|ARM64.Deploy.0 = Debug|ARM64
		{E0BA4AEC-8AF7-4C4F-8F70-5F7F7FD50E46}.Debug|x64.ActiveCfg = Debug|x64
		{E0BA4AEC-8AF7-4C4F-8F70-5F7F7FD50E46}.Debug|x64.Build.0 = Debug|x64
		{E0BA4AEC-8AF7-4C4F-8F70-5F7F7FD50E46}.Debug|x64.Deploy.0 = Debug|x64
		{E0BA4AEC-8AF7-4C4F-8F70-5F7F7FD50E46}.Debug|x86.ActiveCfg = Debug|x86
		{E0BA4AEC-8AF7-4C4F-8F70-5F7F7FD50E46}.Debug|x86.Build.0 = Debug|x86
		{E0BA4AEC-8AF7-4C4F-8F70-5F7F7FD50E46}.Debug|x86.Deploy.0 = Debug|x86
		{E0BA4AEC-8AF7-4C4F-8F70-5F7F7FD50E46}.Release|Any CPU.ActiveCfg = Release|Any CPU
		{E0BA4AEC-8AF7-4C4F-8F70-5F7F7FD50E46}.Release|Any CPU.Build.0 = Release|Any CPU
		{E0BA4AEC-8AF7-4C4F-8F70-5F7F7FD50E46}.Release|Any CPU.Deploy.0 = Release|Any CPU
		{E0BA4AEC-8AF7-4C4F-8F70-5F7F7FD50E46}.Release|ARM.ActiveCfg = Release|ARM
		{E0BA4AEC-8AF7-4C4F-8F70-5F7F7FD50E46}.Release|ARM.Build.0 = Release|ARM
		{E0BA4AEC-8AF7-4C4F-8F70-5F7F7FD50E46}.Release|ARM.Deploy.0 = Release|ARM
		{E0BA4AEC-8AF7-4C4F-8F70-5F7F7FD50E46}.Release|ARM64.ActiveCfg = Release|ARM64
		{E0BA4AEC-8AF7-4C4F-8F70-5F7F7FD50E46}.Release|ARM64.Build.0 = Release|ARM64
		{E0BA4AEC-8AF7-4C4F-8F70-5F7F7FD50E46}.Release|ARM64.Deploy.0 = Release|ARM64
		{E0BA4AEC-8AF7-4C4F-8F70-5F7F7FD50E46}.Release|x64.ActiveCfg = Release|x64
		{E0BA4AEC-8AF7-4C4F-8F70-5F7F7FD50E46}.Release|x64.Build.0 = Release|x64
		{E0BA4AEC-8AF7-4C4F-8F70-5F7F7FD50E46}.Release|x64.Deploy.0 = Release|x64
		{E0BA4AEC-8AF7-4C4F-8F70-5F7F7FD50E46}.Release|x86.ActiveCfg = Release|x86
		{E0BA4AEC-8AF7-4C4F-8F70-5F7F7FD50E46}.Release|x86.Build.0 = Release|x86
		{E0BA4AEC-8AF7-4C4F-8F70-5F7F7FD50E46}.Release|x86.Deploy.0 = Release|x86
		{AD491A35-95FF-4A4B-9B4C-6525944E2BA5}.Debug|Any CPU.ActiveCfg = Debug|Any CPU
		{AD491A35-95FF-4A4B-9B4C-6525944E2BA5}.Debug|Any CPU.Build.0 = Debug|Any CPU
		{AD491A35-95FF-4A4B-9B4C-6525944E2BA5}.Debug|Any CPU.Deploy.0 = Debug|Any CPU
		{AD491A35-95FF-4A4B-9B4C-6525944E2BA5}.Debug|ARM.ActiveCfg = Debug|ARM
		{AD491A35-95FF-4A4B-9B4C-6525944E2BA5}.Debug|ARM.Build.0 = Debug|ARM
		{AD491A35-95FF-4A4B-9B4C-6525944E2BA5}.Debug|ARM.Deploy.0 = Debug|ARM
		{AD491A35-95FF-4A4B-9B4C-6525944E2BA5}.Debug|ARM64.ActiveCfg = Debug|ARM64
		{AD491A35-95FF-4A4B-9B4C-6525944E2BA5}.Debug|ARM64.Build.0 = Debug|ARM64
		{AD491A35-95FF-4A4B-9B4C-6525944E2BA5}.Debug|ARM64.Deploy.0 = Debug|ARM64
		{AD491A35-95FF-4A4B-9B4C-6525944E2BA5}.Debug|x64.ActiveCfg = Debug|x64
		{AD491A35-95FF-4A4B-9B4C-6525944E2BA5}.Debug|x64.Build.0 = Debug|x64
		{AD491A35-95FF-4A4B-9B4C-6525944E2BA5}.Debug|x64.Deploy.0 = Debug|x64
		{AD491A35-95FF-4A4B-9B4C-6525944E2BA5}.Debug|x86.ActiveCfg = Debug|x86
		{AD491A35-95FF-4A4B-9B4C-6525944E2BA5}.Debug|x86.Build.0 = Debug|x86
		{AD491A35-95FF-4A4B-9B4C-6525944E2BA5}.Debug|x86.Deploy.0 = Debug|x86
		{AD491A35-95FF-4A4B-9B4C-6525944E2BA5}.Release|Any CPU.ActiveCfg = Release|Any CPU
		{AD491A35-95FF-4A4B-9B4C-6525944E2BA5}.Release|Any CPU.Build.0 = Release|Any CPU
		{AD491A35-95FF-4A4B-9B4C-6525944E2BA5}.Release|Any CPU.Deploy.0 = Release|Any CPU
		{AD491A35-95FF-4A4B-9B4C-6525944E2BA5}.Release|ARM.ActiveCfg = Release|ARM
		{AD491A35-95FF-4A4B-9B4C-6525944E2BA5}.Release|ARM.Build.0 = Release|ARM
		{AD491A35-95FF-4A4B-9B4C-6525944E2BA5}.Release|ARM.Deploy.0 = Release|ARM
		{AD491A35-95FF-4A4B-9B4C-6525944E2BA5}.Release|ARM64.ActiveCfg = Release|ARM64
		{AD491A35-95FF-4A4B-9B4C-6525944E2BA5}.Release|ARM64.Build.0 = Release|ARM64
		{AD491A35-95FF-4A4B-9B4C-6525944E2BA5}.Release|ARM64.Deploy.0 = Release|ARM64
		{AD491A35-95FF-4A4B-9B4C-6525944E2BA5}.Release|x64.ActiveCfg = Release|x64
		{AD491A35-95FF-4A4B-9B4C-6525944E2BA5}.Release|x64.Build.0 = Release|x64
		{AD491A35-95FF-4A4B-9B4C-6525944E2BA5}.Release|x64.Deploy.0 = Release|x64
		{AD491A35-95FF-4A4B-9B4C-6525944E2BA5}.Release|x86.ActiveCfg = Release|x86
		{AD491A35-95FF-4A4B-9B4C-6525944E2BA5}.Release|x86.Build.0 = Release|x86
		{AD491A35-95FF-4A4B-9B4C-6525944E2BA5}.Release|x86.Deploy.0 = Release|x86
		{6B69EA11-7316-4F5D-A6CD-8443F49C08D6}.Debug|Any CPU.ActiveCfg = Debug|Any CPU
		{6B69EA11-7316-4F5D-A6CD-8443F49C08D6}.Debug|Any CPU.Build.0 = Debug|Any CPU
		{6B69EA11-7316-4F5D-A6CD-8443F49C08D6}.Debug|Any CPU.Deploy.0 = Debug|Any CPU
		{6B69EA11-7316-4F5D-A6CD-8443F49C08D6}.Debug|ARM.ActiveCfg = Debug|ARM
		{6B69EA11-7316-4F5D-A6CD-8443F49C08D6}.Debug|ARM.Build.0 = Debug|ARM
		{6B69EA11-7316-4F5D-A6CD-8443F49C08D6}.Debug|ARM.Deploy.0 = Debug|ARM
		{6B69EA11-7316-4F5D-A6CD-8443F49C08D6}.Debug|ARM64.ActiveCfg = Debug|ARM64
		{6B69EA11-7316-4F5D-A6CD-8443F49C08D6}.Debug|ARM64.Build.0 = Debug|ARM64
		{6B69EA11-7316-4F5D-A6CD-8443F49C08D6}.Debug|ARM64.Deploy.0 = Debug|ARM64
		{6B69EA11-7316-4F5D-A6CD-8443F49C08D6}.Debug|x64.ActiveCfg = Debug|x64
		{6B69EA11-7316-4F5D-A6CD-8443F49C08D6}.Debug|x64.Build.0 = Debug|x64
		{6B69EA11-7316-4F5D-A6CD-8443F49C08D6}.Debug|x64.Deploy.0 = Debug|x64
		{6B69EA11-7316-4F5D-A6CD-8443F49C08D6}.Debug|x86.ActiveCfg = Debug|x86
		{6B69EA11-7316-4F5D-A6CD-8443F49C08D6}.Debug|x86.Build.0 = Debug|x86
		{6B69EA11-7316-4F5D-A6CD-8443F49C08D6}.Debug|x86.Deploy.0 = Debug|x86
		{6B69EA11-7316-4F5D-A6CD-8443F49C08D6}.Release|Any CPU.ActiveCfg = Release|Any CPU
		{6B69EA11-7316-4F5D-A6CD-8443F49C08D6}.Release|Any CPU.Build.0 = Release|Any CPU
		{6B69EA11-7316-4F5D-A6CD-8443F49C08D6}.Release|Any CPU.Deploy.0 = Release|Any CPU
		{6B69EA11-7316-4F5D-A6CD-8443F49C08D6}.Release|ARM.ActiveCfg = Release|ARM
		{6B69EA11-7316-4F5D-A6CD-8443F49C08D6}.Release|ARM.Build.0 = Release|ARM
		{6B69EA11-7316-4F5D-A6CD-8443F49C08D6}.Release|ARM.Deploy.0 = Release|ARM
		{6B69EA11-7316-4F5D-A6CD-8443F49C08D6}.Release|ARM64.ActiveCfg = Release|ARM64
		{6B69EA11-7316-4F5D-A6CD-8443F49C08D6}.Release|ARM64.Build.0 = Release|ARM64
		{6B69EA11-7316-4F5D-A6CD-8443F49C08D6}.Release|ARM64.Deploy.0 = Release|ARM64
		{6B69EA11-7316-4F5D-A6CD-8443F49C08D6}.Release|x64.ActiveCfg = Release|x64
		{6B69EA11-7316-4F5D-A6CD-8443F49C08D6}.Release|x64.Build.0 = Release|x64
		{6B69EA11-7316-4F5D-A6CD-8443F49C08D6}.Release|x64.Deploy.0 = Release|x64
		{6B69EA11-7316-4F5D-A6CD-8443F49C08D6}.Release|x86.ActiveCfg = Release|x86
		{6B69EA11-7316-4F5D-A6CD-8443F49C08D6}.Release|x86.Build.0 = Release|x86
		{6B69EA11-7316-4F5D-A6CD-8443F49C08D6}.Release|x86.Deploy.0 = Release|x86
		{3FCBE822-9ECD-4996-97F6-3A121C7CE3D0}.Debug|Any CPU.ActiveCfg = Debug|Any CPU
		{3FCBE822-9ECD-4996-97F6-3A121C7CE3D0}.Debug|Any CPU.Build.0 = Debug|Any CPU
		{3FCBE822-9ECD-4996-97F6-3A121C7CE3D0}.Debug|Any CPU.Deploy.0 = Debug|Any CPU
		{3FCBE822-9ECD-4996-97F6-3A121C7CE3D0}.Debug|ARM.ActiveCfg = Debug|ARM
		{3FCBE822-9ECD-4996-97F6-3A121C7CE3D0}.Debug|ARM.Build.0 = Debug|ARM
		{3FCBE822-9ECD-4996-97F6-3A121C7CE3D0}.Debug|ARM.Deploy.0 = Debug|ARM
		{3FCBE822-9ECD-4996-97F6-3A121C7CE3D0}.Debug|ARM64.ActiveCfg = Debug|ARM64
		{3FCBE822-9ECD-4996-97F6-3A121C7CE3D0}.Debug|ARM64.Build.0 = Debug|ARM64
		{3FCBE822-9ECD-4996-97F6-3A121C7CE3D0}.Debug|ARM64.Deploy.0 = Debug|ARM64
		{3FCBE822-9ECD-4996-97F6-3A121C7CE3D0}.Debug|x64.ActiveCfg = Debug|x64
		{3FCBE822-9ECD-4996-97F6-3A121C7CE3D0}.Debug|x64.Build.0 = Debug|x64
		{3FCBE822-9ECD-4996-97F6-3A121C7CE3D0}.Debug|x64.Deploy.0 = Debug|x64
		{3FCBE822-9ECD-4996-97F6-3A121C7CE3D0}.Debug|x86.ActiveCfg = Debug|x86
		{3FCBE822-9ECD-4996-97F6-3A121C7CE3D0}.Debug|x86.Build.0 = Debug|x86
		{3FCBE822-9ECD-4996-97F6-3A121C7CE3D0}.Debug|x86.Deploy.0 = Debug|x86
		{3FCBE822-9ECD-4996-97F6-3A121C7CE3D0}.Release|Any CPU.ActiveCfg = Release|Any CPU
		{3FCBE822-9ECD-4996-97F6-3A121C7CE3D0}.Release|Any CPU.Build.0 = Release|Any CPU
		{3FCBE822-9ECD-4996-97F6-3A121C7CE3D0}.Release|Any CPU.Deploy.0 = Release|Any CPU
		{3FCBE822-9ECD-4996-97F6-3A121C7CE3D0}.Release|ARM.ActiveCfg = Release|ARM
		{3FCBE822-9ECD-4996-97F6-3A121C7CE3D0}.Release|ARM.Build.0 = Release|ARM
		{3FCBE822-9ECD-4996-97F6-3A121C7CE3D0}.Release|ARM.Deploy.0 = Release|ARM
		{3FCBE822-9ECD-4996-97F6-3A121C7CE3D0}.Release|ARM64.ActiveCfg = Release|ARM64
		{3FCBE822-9ECD-4996-97F6-3A121C7CE3D0}.Release|ARM64.Build.0 = Release|ARM64
		{3FCBE822-9ECD-4996-97F6-3A121C7CE3D0}.Release|ARM64.Deploy.0 = Release|ARM64
		{3FCBE822-9ECD-4996-97F6-3A121C7CE3D0}.Release|x64.ActiveCfg = Release|x64
		{3FCBE822-9ECD-4996-97F6-3A121C7CE3D0}.Release|x64.Build.0 = Release|x64
		{3FCBE822-9ECD-4996-97F6-3A121C7CE3D0}.Release|x64.Deploy.0 = Release|x64
		{3FCBE822-9ECD-4996-97F6-3A121C7CE3D0}.Release|x86.ActiveCfg = Release|x86
		{3FCBE822-9ECD-4996-97F6-3A121C7CE3D0}.Release|x86.Build.0 = Release|x86
		{3FCBE822-9ECD-4996-97F6-3A121C7CE3D0}.Release|x86.Deploy.0 = Release|x86
		{627EA06A-5DF9-4DBC-8EAD-9780B42B09A3}.Debug|Any CPU.ActiveCfg = Debug|Any CPU
		{627EA06A-5DF9-4DBC-8EAD-9780B42B09A3}.Debug|Any CPU.Build.0 = Debug|Any CPU
		{627EA06A-5DF9-4DBC-8EAD-9780B42B09A3}.Debug|Any CPU.Deploy.0 = Debug|Any CPU
		{627EA06A-5DF9-4DBC-8EAD-9780B42B09A3}.Debug|ARM.ActiveCfg = Debug|ARM
		{627EA06A-5DF9-4DBC-8EAD-9780B42B09A3}.Debug|ARM.Build.0 = Debug|ARM
		{627EA06A-5DF9-4DBC-8EAD-9780B42B09A3}.Debug|ARM.Deploy.0 = Debug|ARM
		{627EA06A-5DF9-4DBC-8EAD-9780B42B09A3}.Debug|ARM64.ActiveCfg = Debug|ARM64
		{627EA06A-5DF9-4DBC-8EAD-9780B42B09A3}.Debug|ARM64.Build.0 = Debug|ARM64
		{627EA06A-5DF9-4DBC-8EAD-9780B42B09A3}.Debug|ARM64.Deploy.0 = Debug|ARM64
		{627EA06A-5DF9-4DBC-8EAD-9780B42B09A3}.Debug|x64.ActiveCfg = Debug|x64
		{627EA06A-5DF9-4DBC-8EAD-9780B42B09A3}.Debug|x64.Build.0 = Debug|x64
		{627EA06A-5DF9-4DBC-8EAD-9780B42B09A3}.Debug|x64.Deploy.0 = Debug|x64
		{627EA06A-5DF9-4DBC-8EAD-9780B42B09A3}.Debug|x86.ActiveCfg = Debug|x86
		{627EA06A-5DF9-4DBC-8EAD-9780B42B09A3}.Debug|x86.Build.0 = Debug|x86
		{627EA06A-5DF9-4DBC-8EAD-9780B42B09A3}.Debug|x86.Deploy.0 = Debug|x86
		{627EA06A-5DF9-4DBC-8EAD-9780B42B09A3}.Release|Any CPU.ActiveCfg = Release|Any CPU
		{627EA06A-5DF9-4DBC-8EAD-9780B42B09A3}.Release|Any CPU.Build.0 = Release|Any CPU
		{627EA06A-5DF9-4DBC-8EAD-9780B42B09A3}.Release|Any CPU.Deploy.0 = Release|Any CPU
		{627EA06A-5DF9-4DBC-8EAD-9780B42B09A3}.Release|ARM.ActiveCfg = Release|ARM
		{627EA06A-5DF9-4DBC-8EAD-9780B42B09A3}.Release|ARM.Build.0 = Release|ARM
		{627EA06A-5DF9-4DBC-8EAD-9780B42B09A3}.Release|ARM.Deploy.0 = Release|ARM
		{627EA06A-5DF9-4DBC-8EAD-9780B42B09A3}.Release|ARM64.ActiveCfg = Release|ARM64
		{627EA06A-5DF9-4DBC-8EAD-9780B42B09A3}.Release|ARM64.Build.0 = Release|ARM64
		{627EA06A-5DF9-4DBC-8EAD-9780B42B09A3}.Release|ARM64.Deploy.0 = Release|ARM64
		{627EA06A-5DF9-4DBC-8EAD-9780B42B09A3}.Release|x64.ActiveCfg = Release|x64
		{627EA06A-5DF9-4DBC-8EAD-9780B42B09A3}.Release|x64.Build.0 = Release|x64
		{627EA06A-5DF9-4DBC-8EAD-9780B42B09A3}.Release|x64.Deploy.0 = Release|x64
		{627EA06A-5DF9-4DBC-8EAD-9780B42B09A3}.Release|x86.ActiveCfg = Release|x86
		{627EA06A-5DF9-4DBC-8EAD-9780B42B09A3}.Release|x86.Build.0 = Release|x86
		{627EA06A-5DF9-4DBC-8EAD-9780B42B09A3}.Release|x86.Deploy.0 = Release|x86
		{BB1FBCEE-EAED-45EE-96D1-C149D52FFACC}.Debug|Any CPU.ActiveCfg = Debug|Any CPU
		{BB1FBCEE-EAED-45EE-96D1-C149D52FFACC}.Debug|Any CPU.Build.0 = Debug|Any CPU
		{BB1FBCEE-EAED-45EE-96D1-C149D52FFACC}.Debug|Any CPU.Deploy.0 = Debug|Any CPU
		{BB1FBCEE-EAED-45EE-96D1-C149D52FFACC}.Debug|ARM.ActiveCfg = Debug|ARM
		{BB1FBCEE-EAED-45EE-96D1-C149D52FFACC}.Debug|ARM.Build.0 = Debug|ARM
		{BB1FBCEE-EAED-45EE-96D1-C149D52FFACC}.Debug|ARM.Deploy.0 = Debug|ARM
		{BB1FBCEE-EAED-45EE-96D1-C149D52FFACC}.Debug|ARM64.ActiveCfg = Debug|ARM64
		{BB1FBCEE-EAED-45EE-96D1-C149D52FFACC}.Debug|ARM64.Build.0 = Debug|ARM64
		{BB1FBCEE-EAED-45EE-96D1-C149D52FFACC}.Debug|ARM64.Deploy.0 = Debug|ARM64
		{BB1FBCEE-EAED-45EE-96D1-C149D52FFACC}.Debug|x64.ActiveCfg = Debug|x64
		{BB1FBCEE-EAED-45EE-96D1-C149D52FFACC}.Debug|x64.Build.0 = Debug|x64
		{BB1FBCEE-EAED-45EE-96D1-C149D52FFACC}.Debug|x64.Deploy.0 = Debug|x64
		{BB1FBCEE-EAED-45EE-96D1-C149D52FFACC}.Debug|x86.ActiveCfg = Debug|x86
		{BB1FBCEE-EAED-45EE-96D1-C149D52FFACC}.Debug|x86.Build.0 = Debug|x86
		{BB1FBCEE-EAED-45EE-96D1-C149D52FFACC}.Debug|x86.Deploy.0 = Debug|x86
		{BB1FBCEE-EAED-45EE-96D1-C149D52FFACC}.Release|Any CPU.ActiveCfg = Release|Any CPU
		{BB1FBCEE-EAED-45EE-96D1-C149D52FFACC}.Release|Any CPU.Build.0 = Release|Any CPU
		{BB1FBCEE-EAED-45EE-96D1-C149D52FFACC}.Release|Any CPU.Deploy.0 = Release|Any CPU
		{BB1FBCEE-EAED-45EE-96D1-C149D52FFACC}.Release|ARM.ActiveCfg = Release|ARM
		{BB1FBCEE-EAED-45EE-96D1-C149D52FFACC}.Release|ARM.Build.0 = Release|ARM
		{BB1FBCEE-EAED-45EE-96D1-C149D52FFACC}.Release|ARM.Deploy.0 = Release|ARM
		{BB1FBCEE-EAED-45EE-96D1-C149D52FFACC}.Release|ARM64.ActiveCfg = Release|ARM64
		{BB1FBCEE-EAED-45EE-96D1-C149D52FFACC}.Release|ARM64.Build.0 = Release|ARM64
		{BB1FBCEE-EAED-45EE-96D1-C149D52FFACC}.Release|ARM64.Deploy.0 = Release|ARM64
		{BB1FBCEE-EAED-45EE-96D1-C149D52FFACC}.Release|x64.ActiveCfg = Release|x64
		{BB1FBCEE-EAED-45EE-96D1-C149D52FFACC}.Release|x64.Build.0 = Release|x64
		{BB1FBCEE-EAED-45EE-96D1-C149D52FFACC}.Release|x64.Deploy.0 = Release|x64
		{BB1FBCEE-EAED-45EE-96D1-C149D52FFACC}.Release|x86.ActiveCfg = Release|x86
		{BB1FBCEE-EAED-45EE-96D1-C149D52FFACC}.Release|x86.Build.0 = Release|x86
		{BB1FBCEE-EAED-45EE-96D1-C149D52FFACC}.Release|x86.Deploy.0 = Release|x86
		{79FA78D4-C996-477C-BB36-C084A3CE6DBE}.Debug|Any CPU.ActiveCfg = Debug|Any CPU
		{79FA78D4-C996-477C-BB36-C084A3CE6DBE}.Debug|Any CPU.Build.0 = Debug|Any CPU
		{79FA78D4-C996-477C-BB36-C084A3CE6DBE}.Debug|Any CPU.Deploy.0 = Debug|Any CPU
		{79FA78D4-C996-477C-BB36-C084A3CE6DBE}.Debug|ARM.ActiveCfg = Debug|ARM
		{79FA78D4-C996-477C-BB36-C084A3CE6DBE}.Debug|ARM.Build.0 = Debug|ARM
		{79FA78D4-C996-477C-BB36-C084A3CE6DBE}.Debug|ARM.Deploy.0 = Debug|ARM
		{79FA78D4-C996-477C-BB36-C084A3CE6DBE}.Debug|ARM64.ActiveCfg = Debug|ARM64
		{79FA78D4-C996-477C-BB36-C084A3CE6DBE}.Debug|ARM64.Build.0 = Debug|ARM64
		{79FA78D4-C996-477C-BB36-C084A3CE6DBE}.Debug|ARM64.Deploy.0 = Debug|ARM64
		{79FA78D4-C996-477C-BB36-C084A3CE6DBE}.Debug|x64.ActiveCfg = Debug|x64
		{79FA78D4-C996-477C-BB36-C084A3CE6DBE}.Debug|x64.Build.0 = Debug|x64
		{79FA78D4-C996-477C-BB36-C084A3CE6DBE}.Debug|x64.Deploy.0 = Debug|x64
		{79FA78D4-C996-477C-BB36-C084A3CE6DBE}.Debug|x86.ActiveCfg = Debug|x86
		{79FA78D4-C996-477C-BB36-C084A3CE6DBE}.Debug|x86.Build.0 = Debug|x86
		{79FA78D4-C996-477C-BB36-C084A3CE6DBE}.Debug|x86.Deploy.0 = Debug|x86
		{79FA78D4-C996-477C-BB36-C084A3CE6DBE}.Release|Any CPU.ActiveCfg = Release|Any CPU
		{79FA78D4-C996-477C-BB36-C084A3CE6DBE}.Release|Any CPU.Build.0 = Release|Any CPU
		{79FA78D4-C996-477C-BB36-C084A3CE6DBE}.Release|Any CPU.Deploy.0 = Release|Any CPU
		{79FA78D4-C996-477C-BB36-C084A3CE6DBE}.Release|ARM.ActiveCfg = Release|ARM
		{79FA78D4-C996-477C-BB36-C084A3CE6DBE}.Release|ARM.Build.0 = Release|ARM
		{79FA78D4-C996-477C-BB36-C084A3CE6DBE}.Release|ARM.Deploy.0 = Release|ARM
		{79FA78D4-C996-477C-BB36-C084A3CE6DBE}.Release|ARM64.ActiveCfg = Release|ARM64
		{79FA78D4-C996-477C-BB36-C084A3CE6DBE}.Release|ARM64.Build.0 = Release|ARM64
		{79FA78D4-C996-477C-BB36-C084A3CE6DBE}.Release|ARM64.Deploy.0 = Release|ARM64
		{79FA78D4-C996-477C-BB36-C084A3CE6DBE}.Release|x64.ActiveCfg = Release|x64
		{79FA78D4-C996-477C-BB36-C084A3CE6DBE}.Release|x64.Build.0 = Release|x64
		{79FA78D4-C996-477C-BB36-C084A3CE6DBE}.Release|x64.Deploy.0 = Release|x64
		{79FA78D4-C996-477C-BB36-C084A3CE6DBE}.Release|x86.ActiveCfg = Release|x86
		{79FA78D4-C996-477C-BB36-C084A3CE6DBE}.Release|x86.Build.0 = Release|x86
		{79FA78D4-C996-477C-BB36-C084A3CE6DBE}.Release|x86.Deploy.0 = Release|x86
		{D67C7212-C198-40B2-9843-D9D916D808F7}.Debug|Any CPU.ActiveCfg = Debug|Any CPU
		{D67C7212-C198-40B2-9843-D9D916D808F7}.Debug|Any CPU.Build.0 = Debug|Any CPU
		{D67C7212-C198-40B2-9843-D9D916D808F7}.Debug|Any CPU.Deploy.0 = Debug|Any CPU
		{D67C7212-C198-40B2-9843-D9D916D808F7}.Debug|ARM.ActiveCfg = Debug|ARM
		{D67C7212-C198-40B2-9843-D9D916D808F7}.Debug|ARM.Build.0 = Debug|ARM
		{D67C7212-C198-40B2-9843-D9D916D808F7}.Debug|ARM.Deploy.0 = Debug|ARM
		{D67C7212-C198-40B2-9843-D9D916D808F7}.Debug|ARM64.ActiveCfg = Debug|ARM64
		{D67C7212-C198-40B2-9843-D9D916D808F7}.Debug|ARM64.Build.0 = Debug|ARM64
		{D67C7212-C198-40B2-9843-D9D916D808F7}.Debug|ARM64.Deploy.0 = Debug|ARM64
		{D67C7212-C198-40B2-9843-D9D916D808F7}.Debug|x64.ActiveCfg = Debug|x64
		{D67C7212-C198-40B2-9843-D9D916D808F7}.Debug|x64.Build.0 = Debug|x64
		{D67C7212-C198-40B2-9843-D9D916D808F7}.Debug|x64.Deploy.0 = Debug|x64
		{D67C7212-C198-40B2-9843-D9D916D808F7}.Debug|x86.ActiveCfg = Debug|x86
		{D67C7212-C198-40B2-9843-D9D916D808F7}.Debug|x86.Build.0 = Debug|x86
		{D67C7212-C198-40B2-9843-D9D916D808F7}.Debug|x86.Deploy.0 = Debug|x86
		{D67C7212-C198-40B2-9843-D9D916D808F7}.Release|Any CPU.ActiveCfg = Release|Any CPU
		{D67C7212-C198-40B2-9843-D9D916D808F7}.Release|Any CPU.Build.0 = Release|Any CPU
		{D67C7212-C198-40B2-9843-D9D916D808F7}.Release|Any CPU.Deploy.0 = Release|Any CPU
		{D67C7212-C198-40B2-9843-D9D916D808F7}.Release|ARM.ActiveCfg = Release|ARM
		{D67C7212-C198-40B2-9843-D9D916D808F7}.Release|ARM.Build.0 = Release|ARM
		{D67C7212-C198-40B2-9843-D9D916D808F7}.Release|ARM.Deploy.0 = Release|ARM
		{D67C7212-C198-40B2-9843-D9D916D808F7}.Release|ARM64.ActiveCfg = Release|ARM64
		{D67C7212-C198-40B2-9843-D9D916D808F7}.Release|ARM64.Build.0 = Release|ARM64
		{D67C7212-C198-40B2-9843-D9D916D808F7}.Release|ARM64.Deploy.0 = Release|ARM64
		{D67C7212-C198-40B2-9843-D9D916D808F7}.Release|x64.ActiveCfg = Release|x64
		{D67C7212-C198-40B2-9843-D9D916D808F7}.Release|x64.Build.0 = Release|x64
		{D67C7212-C198-40B2-9843-D9D916D808F7}.Release|x64.Deploy.0 = Release|x64
		{D67C7212-C198-40B2-9843-D9D916D808F7}.Release|x86.ActiveCfg = Release|x86
		{D67C7212-C198-40B2-9843-D9D916D808F7}.Release|x86.Build.0 = Release|x86
		{D67C7212-C198-40B2-9843-D9D916D808F7}.Release|x86.Deploy.0 = Release|x86
		{522E6E2E-A20F-46FA-824C-ECB036FDB6D5}.Debug|Any CPU.ActiveCfg = Debug|Any CPU
		{522E6E2E-A20F-46FA-824C-ECB036FDB6D5}.Debug|Any CPU.Build.0 = Debug|Any CPU
		{522E6E2E-A20F-46FA-824C-ECB036FDB6D5}.Debug|Any CPU.Deploy.0 = Debug|Any CPU
		{522E6E2E-A20F-46FA-824C-ECB036FDB6D5}.Debug|ARM.ActiveCfg = Debug|ARM
		{522E6E2E-A20F-46FA-824C-ECB036FDB6D5}.Debug|ARM.Build.0 = Debug|ARM
		{522E6E2E-A20F-46FA-824C-ECB036FDB6D5}.Debug|ARM.Deploy.0 = Debug|ARM
		{522E6E2E-A20F-46FA-824C-ECB036FDB6D5}.Debug|ARM64.ActiveCfg = Debug|ARM64
		{522E6E2E-A20F-46FA-824C-ECB036FDB6D5}.Debug|ARM64.Build.0 = Debug|ARM64
		{522E6E2E-A20F-46FA-824C-ECB036FDB6D5}.Debug|ARM64.Deploy.0 = Debug|ARM64
		{522E6E2E-A20F-46FA-824C-ECB036FDB6D5}.Debug|x64.ActiveCfg = Debug|x64
		{522E6E2E-A20F-46FA-824C-ECB036FDB6D5}.Debug|x64.Build.0 = Debug|x64
		{522E6E2E-A20F-46FA-824C-ECB036FDB6D5}.Debug|x64.Deploy.0 = Debug|x64
		{522E6E2E-A20F-46FA-824C-ECB036FDB6D5}.Debug|x86.ActiveCfg = Debug|x86
		{522E6E2E-A20F-46FA-824C-ECB036FDB6D5}.Debug|x86.Build.0 = Debug|x86
		{522E6E2E-A20F-46FA-824C-ECB036FDB6D5}.Debug|x86.Deploy.0 = Debug|x86
		{522E6E2E-A20F-46FA-824C-ECB036FDB6D5}.Release|Any CPU.ActiveCfg = Release|Any CPU
		{522E6E2E-A20F-46FA-824C-ECB036FDB6D5}.Release|Any CPU.Build.0 = Release|Any CPU
		{522E6E2E-A20F-46FA-824C-ECB036FDB6D5}.Release|Any CPU.Deploy.0 = Release|Any CPU
		{522E6E2E-A20F-46FA-824C-ECB036FDB6D5}.Release|ARM.ActiveCfg = Release|ARM
		{522E6E2E-A20F-46FA-824C-ECB036FDB6D5}.Release|ARM.Build.0 = Release|ARM
		{522E6E2E-A20F-46FA-824C-ECB036FDB6D5}.Release|ARM.Deploy.0 = Release|ARM
		{522E6E2E-A20F-46FA-824C-ECB036FDB6D5}.Release|ARM64.ActiveCfg = Release|ARM64
		{522E6E2E-A20F-46FA-824C-ECB036FDB6D5}.Release|ARM64.Build.0 = Release|ARM64
		{522E6E2E-A20F-46FA-824C-ECB036FDB6D5}.Release|ARM64.Deploy.0 = Release|ARM64
		{522E6E2E-A20F-46FA-824C-ECB036FDB6D5}.Release|x64.ActiveCfg = Release|x64
		{522E6E2E-A20F-46FA-824C-ECB036FDB6D5}.Release|x64.Build.0 = Release|x64
		{522E6E2E-A20F-46FA-824C-ECB036FDB6D5}.Release|x64.Deploy.0 = Release|x64
		{522E6E2E-A20F-46FA-824C-ECB036FDB6D5}.Release|x86.ActiveCfg = Release|x86
		{522E6E2E-A20F-46FA-824C-ECB036FDB6D5}.Release|x86.Build.0 = Release|x86
		{522E6E2E-A20F-46FA-824C-ECB036FDB6D5}.Release|x86.Deploy.0 = Release|x86
		{995E2C46-D019-4F1C-82CF-346211FDE899}.Debug|Any CPU.ActiveCfg = Debug|Any CPU
		{995E2C46-D019-4F1C-82CF-346211FDE899}.Debug|Any CPU.Build.0 = Debug|Any CPU
		{995E2C46-D019-4F1C-82CF-346211FDE899}.Debug|Any CPU.Deploy.0 = Debug|Any CPU
		{995E2C46-D019-4F1C-82CF-346211FDE899}.Debug|ARM.ActiveCfg = Debug|ARM
		{995E2C46-D019-4F1C-82CF-346211FDE899}.Debug|ARM.Build.0 = Debug|ARM
		{995E2C46-D019-4F1C-82CF-346211FDE899}.Debug|ARM.Deploy.0 = Debug|ARM
		{995E2C46-D019-4F1C-82CF-346211FDE899}.Debug|ARM64.ActiveCfg = Debug|ARM64
		{995E2C46-D019-4F1C-82CF-346211FDE899}.Debug|ARM64.Build.0 = Debug|ARM64
		{995E2C46-D019-4F1C-82CF-346211FDE899}.Debug|ARM64.Deploy.0 = Debug|ARM64
		{995E2C46-D019-4F1C-82CF-346211FDE899}.Debug|x64.ActiveCfg = Debug|x64
		{995E2C46-D019-4F1C-82CF-346211FDE899}.Debug|x64.Build.0 = Debug|x64
		{995E2C46-D019-4F1C-82CF-346211FDE899}.Debug|x64.Deploy.0 = Debug|x64
		{995E2C46-D019-4F1C-82CF-346211FDE899}.Debug|x86.ActiveCfg = Debug|x86
		{995E2C46-D019-4F1C-82CF-346211FDE899}.Debug|x86.Build.0 = Debug|x86
		{995E2C46-D019-4F1C-82CF-346211FDE899}.Debug|x86.Deploy.0 = Debug|x86
		{995E2C46-D019-4F1C-82CF-346211FDE899}.Release|Any CPU.ActiveCfg = Release|Any CPU
		{995E2C46-D019-4F1C-82CF-346211FDE899}.Release|Any CPU.Build.0 = Release|Any CPU
		{995E2C46-D019-4F1C-82CF-346211FDE899}.Release|Any CPU.Deploy.0 = Release|Any CPU
		{995E2C46-D019-4F1C-82CF-346211FDE899}.Release|ARM.ActiveCfg = Release|ARM
		{995E2C46-D019-4F1C-82CF-346211FDE899}.Release|ARM.Build.0 = Release|ARM
		{995E2C46-D019-4F1C-82CF-346211FDE899}.Release|ARM.Deploy.0 = Release|ARM
		{995E2C46-D019-4F1C-82CF-346211FDE899}.Release|ARM64.ActiveCfg = Release|ARM64
		{995E2C46-D019-4F1C-82CF-346211FDE899}.Release|ARM64.Build.0 = Release|ARM64
		{995E2C46-D019-4F1C-82CF-346211FDE899}.Release|ARM64.Deploy.0 = Release|ARM64
		{995E2C46-D019-4F1C-82CF-346211FDE899}.Release|x64.ActiveCfg = Release|x64
		{995E2C46-D019-4F1C-82CF-346211FDE899}.Release|x64.Build.0 = Release|x64
		{995E2C46-D019-4F1C-82CF-346211FDE899}.Release|x64.Deploy.0 = Release|x64
		{995E2C46-D019-4F1C-82CF-346211FDE899}.Release|x86.ActiveCfg = Release|x86
		{995E2C46-D019-4F1C-82CF-346211FDE899}.Release|x86.Build.0 = Release|x86
		{995E2C46-D019-4F1C-82CF-346211FDE899}.Release|x86.Deploy.0 = Release|x86
		{E68CB904-A298-4B83-8475-EC61668C295B}.Debug|Any CPU.ActiveCfg = Debug|Any CPU
		{E68CB904-A298-4B83-8475-EC61668C295B}.Debug|Any CPU.Build.0 = Debug|Any CPU
		{E68CB904-A298-4B83-8475-EC61668C295B}.Debug|Any CPU.Deploy.0 = Debug|Any CPU
		{E68CB904-A298-4B83-8475-EC61668C295B}.Debug|ARM.ActiveCfg = Debug|ARM
		{E68CB904-A298-4B83-8475-EC61668C295B}.Debug|ARM.Build.0 = Debug|ARM
		{E68CB904-A298-4B83-8475-EC61668C295B}.Debug|ARM.Deploy.0 = Debug|ARM
		{E68CB904-A298-4B83-8475-EC61668C295B}.Debug|ARM64.ActiveCfg = Debug|ARM64
		{E68CB904-A298-4B83-8475-EC61668C295B}.Debug|ARM64.Build.0 = Debug|ARM64
		{E68CB904-A298-4B83-8475-EC61668C295B}.Debug|ARM64.Deploy.0 = Debug|ARM64
		{E68CB904-A298-4B83-8475-EC61668C295B}.Debug|x64.ActiveCfg = Debug|x64
		{E68CB904-A298-4B83-8475-EC61668C295B}.Debug|x64.Build.0 = Debug|x64
		{E68CB904-A298-4B83-8475-EC61668C295B}.Debug|x64.Deploy.0 = Debug|x64
		{E68CB904-A298-4B83-8475-EC61668C295B}.Debug|x86.ActiveCfg = Debug|x86
		{E68CB904-A298-4B83-8475-EC61668C295B}.Debug|x86.Build.0 = Debug|x86
		{E68CB904-A298-4B83-8475-EC61668C295B}.Debug|x86.Deploy.0 = Debug|x86
		{E68CB904-A298-4B83-8475-EC61668C295B}.Release|Any CPU.ActiveCfg = Release|Any CPU
		{E68CB904-A298-4B83-8475-EC61668C295B}.Release|Any CPU.Build.0 = Release|Any CPU
		{E68CB904-A298-4B83-8475-EC61668C295B}.Release|Any CPU.Deploy.0 = Release|Any CPU
		{E68CB904-A298-4B83-8475-EC61668C295B}.Release|ARM.ActiveCfg = Release|ARM
		{E68CB904-A298-4B83-8475-EC61668C295B}.Release|ARM.Build.0 = Release|ARM
		{E68CB904-A298-4B83-8475-EC61668C295B}.Release|ARM.Deploy.0 = Release|ARM
		{E68CB904-A298-4B83-8475-EC61668C295B}.Release|ARM64.ActiveCfg = Release|ARM64
		{E68CB904-A298-4B83-8475-EC61668C295B}.Release|ARM64.Build.0 = Release|ARM64
		{E68CB904-A298-4B83-8475-EC61668C295B}.Release|ARM64.Deploy.0 = Release|ARM64
		{E68CB904-A298-4B83-8475-EC61668C295B}.Release|x64.ActiveCfg = Release|x64
		{E68CB904-A298-4B83-8475-EC61668C295B}.Release|x64.Build.0 = Release|x64
		{E68CB904-A298-4B83-8475-EC61668C295B}.Release|x64.Deploy.0 = Release|x64
		{E68CB904-A298-4B83-8475-EC61668C295B}.Release|x86.ActiveCfg = Release|x86
		{E68CB904-A298-4B83-8475-EC61668C295B}.Release|x86.Build.0 = Release|x86
		{E68CB904-A298-4B83-8475-EC61668C295B}.Release|x86.Deploy.0 = Release|x86
		{8C7590D7-6825-437E-970D-AD85B5BD8178}.Debug|Any CPU.ActiveCfg = Debug|Any CPU
		{8C7590D7-6825-437E-970D-AD85B5BD8178}.Debug|Any CPU.Build.0 = Debug|Any CPU
		{8C7590D7-6825-437E-970D-AD85B5BD8178}.Debug|Any CPU.Deploy.0 = Debug|Any CPU
		{8C7590D7-6825-437E-970D-AD85B5BD8178}.Debug|ARM.ActiveCfg = Debug|ARM
		{8C7590D7-6825-437E-970D-AD85B5BD8178}.Debug|ARM.Build.0 = Debug|ARM
		{8C7590D7-6825-437E-970D-AD85B5BD8178}.Debug|ARM.Deploy.0 = Debug|ARM
		{8C7590D7-6825-437E-970D-AD85B5BD8178}.Debug|ARM64.ActiveCfg = Debug|ARM64
		{8C7590D7-6825-437E-970D-AD85B5BD8178}.Debug|ARM64.Build.0 = Debug|ARM64
		{8C7590D7-6825-437E-970D-AD85B5BD8178}.Debug|ARM64.Deploy.0 = Debug|ARM64
		{8C7590D7-6825-437E-970D-AD85B5BD8178}.Debug|x64.ActiveCfg = Debug|x64
		{8C7590D7-6825-437E-970D-AD85B5BD8178}.Debug|x64.Build.0 = Debug|x64
		{8C7590D7-6825-437E-970D-AD85B5BD8178}.Debug|x64.Deploy.0 = Debug|x64
		{8C7590D7-6825-437E-970D-AD85B5BD8178}.Debug|x86.ActiveCfg = Debug|x86
		{8C7590D7-6825-437E-970D-AD85B5BD8178}.Debug|x86.Build.0 = Debug|x86
		{8C7590D7-6825-437E-970D-AD85B5BD8178}.Debug|x86.Deploy.0 = Debug|x86
		{8C7590D7-6825-437E-970D-AD85B5BD8178}.Release|Any CPU.ActiveCfg = Release|Any CPU
		{8C7590D7-6825-437E-970D-AD85B5BD8178}.Release|Any CPU.Build.0 = Release|Any CPU
		{8C7590D7-6825-437E-970D-AD85B5BD8178}.Release|Any CPU.Deploy.0 = Release|Any CPU
		{8C7590D7-6825-437E-970D-AD85B5BD8178}.Release|ARM.ActiveCfg = Release|ARM
		{8C7590D7-6825-437E-970D-AD85B5BD8178}.Release|ARM.Build.0 = Release|ARM
		{8C7590D7-6825-437E-970D-AD85B5BD8178}.Release|ARM.Deploy.0 = Release|ARM
		{8C7590D7-6825-437E-970D-AD85B5BD8178}.Release|ARM64.ActiveCfg = Release|ARM64
		{8C7590D7-6825-437E-970D-AD85B5BD8178}.Release|ARM64.Build.0 = Release|ARM64
		{8C7590D7-6825-437E-970D-AD85B5BD8178}.Release|ARM64.Deploy.0 = Release|ARM64
		{8C7590D7-6825-437E-970D-AD85B5BD8178}.Release|x64.ActiveCfg = Release|x64
		{8C7590D7-6825-437E-970D-AD85B5BD8178}.Release|x64.Build.0 = Release|x64
		{8C7590D7-6825-437E-970D-AD85B5BD8178}.Release|x64.Deploy.0 = Release|x64
		{8C7590D7-6825-437E-970D-AD85B5BD8178}.Release|x86.ActiveCfg = Release|x86
		{8C7590D7-6825-437E-970D-AD85B5BD8178}.Release|x86.Build.0 = Release|x86
		{8C7590D7-6825-437E-970D-AD85B5BD8178}.Release|x86.Deploy.0 = Release|x86
		{AB86085A-C502-4DD9-A7DE-5967721E4B69}.Debug|Any CPU.ActiveCfg = Debug|Any CPU
		{AB86085A-C502-4DD9-A7DE-5967721E4B69}.Debug|Any CPU.Build.0 = Debug|Any CPU
		{AB86085A-C502-4DD9-A7DE-5967721E4B69}.Debug|ARM.ActiveCfg = Debug|Any CPU
		{AB86085A-C502-4DD9-A7DE-5967721E4B69}.Debug|ARM.Build.0 = Debug|Any CPU
		{AB86085A-C502-4DD9-A7DE-5967721E4B69}.Debug|ARM64.ActiveCfg = Debug|Any CPU
		{AB86085A-C502-4DD9-A7DE-5967721E4B69}.Debug|ARM64.Build.0 = Debug|Any CPU
		{AB86085A-C502-4DD9-A7DE-5967721E4B69}.Debug|x64.ActiveCfg = Debug|Any CPU
		{AB86085A-C502-4DD9-A7DE-5967721E4B69}.Debug|x64.Build.0 = Debug|Any CPU
		{AB86085A-C502-4DD9-A7DE-5967721E4B69}.Debug|x86.ActiveCfg = Debug|Any CPU
		{AB86085A-C502-4DD9-A7DE-5967721E4B69}.Debug|x86.Build.0 = Debug|Any CPU
		{AB86085A-C502-4DD9-A7DE-5967721E4B69}.Release|Any CPU.ActiveCfg = Release|Any CPU
		{AB86085A-C502-4DD9-A7DE-5967721E4B69}.Release|Any CPU.Build.0 = Release|Any CPU
		{AB86085A-C502-4DD9-A7DE-5967721E4B69}.Release|ARM.ActiveCfg = Release|Any CPU
		{AB86085A-C502-4DD9-A7DE-5967721E4B69}.Release|ARM.Build.0 = Release|Any CPU
		{AB86085A-C502-4DD9-A7DE-5967721E4B69}.Release|ARM64.ActiveCfg = Release|Any CPU
		{AB86085A-C502-4DD9-A7DE-5967721E4B69}.Release|ARM64.Build.0 = Release|Any CPU
		{AB86085A-C502-4DD9-A7DE-5967721E4B69}.Release|x64.ActiveCfg = Release|Any CPU
		{AB86085A-C502-4DD9-A7DE-5967721E4B69}.Release|x64.Build.0 = Release|Any CPU
		{AB86085A-C502-4DD9-A7DE-5967721E4B69}.Release|x86.ActiveCfg = Release|Any CPU
		{AB86085A-C502-4DD9-A7DE-5967721E4B69}.Release|x86.Build.0 = Release|Any CPU
		{888AB65D-3594-4499-A8B1-B003EED986FD}.Debug|Any CPU.ActiveCfg = Debug|Any CPU
		{888AB65D-3594-4499-A8B1-B003EED986FD}.Debug|Any CPU.Build.0 = Debug|Any CPU
		{888AB65D-3594-4499-A8B1-B003EED986FD}.Debug|ARM.ActiveCfg = Debug|Any CPU
		{888AB65D-3594-4499-A8B1-B003EED986FD}.Debug|ARM.Build.0 = Debug|Any CPU
		{888AB65D-3594-4499-A8B1-B003EED986FD}.Debug|ARM64.ActiveCfg = Debug|Any CPU
		{888AB65D-3594-4499-A8B1-B003EED986FD}.Debug|ARM64.Build.0 = Debug|Any CPU
		{888AB65D-3594-4499-A8B1-B003EED986FD}.Debug|x64.ActiveCfg = Debug|Any CPU
		{888AB65D-3594-4499-A8B1-B003EED986FD}.Debug|x64.Build.0 = Debug|Any CPU
		{888AB65D-3594-4499-A8B1-B003EED986FD}.Debug|x86.ActiveCfg = Debug|Any CPU
		{888AB65D-3594-4499-A8B1-B003EED986FD}.Debug|x86.Build.0 = Debug|Any CPU
		{888AB65D-3594-4499-A8B1-B003EED986FD}.Release|Any CPU.ActiveCfg = Release|Any CPU
		{888AB65D-3594-4499-A8B1-B003EED986FD}.Release|Any CPU.Build.0 = Release|Any CPU
		{888AB65D-3594-4499-A8B1-B003EED986FD}.Release|ARM.ActiveCfg = Release|Any CPU
		{888AB65D-3594-4499-A8B1-B003EED986FD}.Release|ARM.Build.0 = Release|Any CPU
		{888AB65D-3594-4499-A8B1-B003EED986FD}.Release|ARM64.ActiveCfg = Release|Any CPU
		{888AB65D-3594-4499-A8B1-B003EED986FD}.Release|ARM64.Build.0 = Release|Any CPU
		{888AB65D-3594-4499-A8B1-B003EED986FD}.Release|x64.ActiveCfg = Release|Any CPU
		{888AB65D-3594-4499-A8B1-B003EED986FD}.Release|x64.Build.0 = Release|Any CPU
		{888AB65D-3594-4499-A8B1-B003EED986FD}.Release|x86.ActiveCfg = Release|Any CPU
		{888AB65D-3594-4499-A8B1-B003EED986FD}.Release|x86.Build.0 = Release|Any CPU
		{638EEF96-6040-4BF2-8284-67E4ADD91C9B}.Debug|Any CPU.ActiveCfg = Debug|Any CPU
		{638EEF96-6040-4BF2-8284-67E4ADD91C9B}.Debug|Any CPU.Build.0 = Debug|Any CPU
		{638EEF96-6040-4BF2-8284-67E4ADD91C9B}.Debug|ARM.ActiveCfg = Debug|Any CPU
		{638EEF96-6040-4BF2-8284-67E4ADD91C9B}.Debug|ARM.Build.0 = Debug|Any CPU
		{638EEF96-6040-4BF2-8284-67E4ADD91C9B}.Debug|ARM64.ActiveCfg = Debug|Any CPU
		{638EEF96-6040-4BF2-8284-67E4ADD91C9B}.Debug|ARM64.Build.0 = Debug|Any CPU
		{638EEF96-6040-4BF2-8284-67E4ADD91C9B}.Debug|x64.ActiveCfg = Debug|Any CPU
		{638EEF96-6040-4BF2-8284-67E4ADD91C9B}.Debug|x64.Build.0 = Debug|Any CPU
		{638EEF96-6040-4BF2-8284-67E4ADD91C9B}.Debug|x86.ActiveCfg = Debug|Any CPU
		{638EEF96-6040-4BF2-8284-67E4ADD91C9B}.Debug|x86.Build.0 = Debug|Any CPU
		{638EEF96-6040-4BF2-8284-67E4ADD91C9B}.Release|Any CPU.ActiveCfg = Release|Any CPU
		{638EEF96-6040-4BF2-8284-67E4ADD91C9B}.Release|Any CPU.Build.0 = Release|Any CPU
		{638EEF96-6040-4BF2-8284-67E4ADD91C9B}.Release|ARM.ActiveCfg = Release|Any CPU
		{638EEF96-6040-4BF2-8284-67E4ADD91C9B}.Release|ARM.Build.0 = Release|Any CPU
		{638EEF96-6040-4BF2-8284-67E4ADD91C9B}.Release|ARM64.ActiveCfg = Release|Any CPU
		{638EEF96-6040-4BF2-8284-67E4ADD91C9B}.Release|ARM64.Build.0 = Release|Any CPU
		{638EEF96-6040-4BF2-8284-67E4ADD91C9B}.Release|x64.ActiveCfg = Release|Any CPU
		{638EEF96-6040-4BF2-8284-67E4ADD91C9B}.Release|x64.Build.0 = Release|Any CPU
		{638EEF96-6040-4BF2-8284-67E4ADD91C9B}.Release|x86.ActiveCfg = Release|Any CPU
		{638EEF96-6040-4BF2-8284-67E4ADD91C9B}.Release|x86.Build.0 = Release|Any CPU
		{C5FF9DC3-246F-4052-ADE0-07F08F55E932}.Debug|Any CPU.ActiveCfg = Debug|Any CPU
		{C5FF9DC3-246F-4052-ADE0-07F08F55E932}.Debug|Any CPU.Build.0 = Debug|Any CPU
		{C5FF9DC3-246F-4052-ADE0-07F08F55E932}.Debug|ARM.ActiveCfg = Debug|Any CPU
		{C5FF9DC3-246F-4052-ADE0-07F08F55E932}.Debug|ARM.Build.0 = Debug|Any CPU
		{C5FF9DC3-246F-4052-ADE0-07F08F55E932}.Debug|ARM64.ActiveCfg = Debug|Any CPU
		{C5FF9DC3-246F-4052-ADE0-07F08F55E932}.Debug|ARM64.Build.0 = Debug|Any CPU
		{C5FF9DC3-246F-4052-ADE0-07F08F55E932}.Debug|x64.ActiveCfg = Debug|Any CPU
		{C5FF9DC3-246F-4052-ADE0-07F08F55E932}.Debug|x64.Build.0 = Debug|Any CPU
		{C5FF9DC3-246F-4052-ADE0-07F08F55E932}.Debug|x86.ActiveCfg = Debug|Any CPU
		{C5FF9DC3-246F-4052-ADE0-07F08F55E932}.Debug|x86.Build.0 = Debug|Any CPU
		{C5FF9DC3-246F-4052-ADE0-07F08F55E932}.Release|Any CPU.ActiveCfg = Release|Any CPU
		{C5FF9DC3-246F-4052-ADE0-07F08F55E932}.Release|Any CPU.Build.0 = Release|Any CPU
		{C5FF9DC3-246F-4052-ADE0-07F08F55E932}.Release|ARM.ActiveCfg = Release|Any CPU
		{C5FF9DC3-246F-4052-ADE0-07F08F55E932}.Release|ARM.Build.0 = Release|Any CPU
		{C5FF9DC3-246F-4052-ADE0-07F08F55E932}.Release|ARM64.ActiveCfg = Release|Any CPU
		{C5FF9DC3-246F-4052-ADE0-07F08F55E932}.Release|ARM64.Build.0 = Release|Any CPU
		{C5FF9DC3-246F-4052-ADE0-07F08F55E932}.Release|x64.ActiveCfg = Release|Any CPU
		{C5FF9DC3-246F-4052-ADE0-07F08F55E932}.Release|x64.Build.0 = Release|Any CPU
		{C5FF9DC3-246F-4052-ADE0-07F08F55E932}.Release|x86.ActiveCfg = Release|Any CPU
		{C5FF9DC3-246F-4052-ADE0-07F08F55E932}.Release|x86.Build.0 = Release|Any CPU
		{5670342B-FF24-4708-AEDC-658DDAB599AF}.Debug|Any CPU.ActiveCfg = Debug|Any CPU
		{5670342B-FF24-4708-AEDC-658DDAB599AF}.Debug|Any CPU.Build.0 = Debug|Any CPU
		{5670342B-FF24-4708-AEDC-658DDAB599AF}.Debug|ARM.ActiveCfg = Debug|Any CPU
		{5670342B-FF24-4708-AEDC-658DDAB599AF}.Debug|ARM.Build.0 = Debug|Any CPU
		{5670342B-FF24-4708-AEDC-658DDAB599AF}.Debug|ARM64.ActiveCfg = Debug|Any CPU
		{5670342B-FF24-4708-AEDC-658DDAB599AF}.Debug|ARM64.Build.0 = Debug|Any CPU
		{5670342B-FF24-4708-AEDC-658DDAB599AF}.Debug|x64.ActiveCfg = Debug|Any CPU
		{5670342B-FF24-4708-AEDC-658DDAB599AF}.Debug|x64.Build.0 = Debug|Any CPU
		{5670342B-FF24-4708-AEDC-658DDAB599AF}.Debug|x86.ActiveCfg = Debug|Any CPU
		{5670342B-FF24-4708-AEDC-658DDAB599AF}.Debug|x86.Build.0 = Debug|Any CPU
		{5670342B-FF24-4708-AEDC-658DDAB599AF}.Release|Any CPU.ActiveCfg = Release|Any CPU
		{5670342B-FF24-4708-AEDC-658DDAB599AF}.Release|Any CPU.Build.0 = Release|Any CPU
		{5670342B-FF24-4708-AEDC-658DDAB599AF}.Release|ARM.ActiveCfg = Release|Any CPU
		{5670342B-FF24-4708-AEDC-658DDAB599AF}.Release|ARM.Build.0 = Release|Any CPU
		{5670342B-FF24-4708-AEDC-658DDAB599AF}.Release|ARM64.ActiveCfg = Release|Any CPU
		{5670342B-FF24-4708-AEDC-658DDAB599AF}.Release|ARM64.Build.0 = Release|Any CPU
		{5670342B-FF24-4708-AEDC-658DDAB599AF}.Release|x64.ActiveCfg = Release|Any CPU
		{5670342B-FF24-4708-AEDC-658DDAB599AF}.Release|x64.Build.0 = Release|Any CPU
		{5670342B-FF24-4708-AEDC-658DDAB599AF}.Release|x86.ActiveCfg = Release|Any CPU
		{5670342B-FF24-4708-AEDC-658DDAB599AF}.Release|x86.Build.0 = Release|Any CPU
		{BFE95CC4-90D4-44C5-89C3-914B5C347E1E}.Debug|Any CPU.ActiveCfg = Debug|Any CPU
		{BFE95CC4-90D4-44C5-89C3-914B5C347E1E}.Debug|Any CPU.Build.0 = Debug|Any CPU
		{BFE95CC4-90D4-44C5-89C3-914B5C347E1E}.Debug|ARM.ActiveCfg = Debug|Any CPU
		{BFE95CC4-90D4-44C5-89C3-914B5C347E1E}.Debug|ARM.Build.0 = Debug|Any CPU
		{BFE95CC4-90D4-44C5-89C3-914B5C347E1E}.Debug|ARM64.ActiveCfg = Debug|Any CPU
		{BFE95CC4-90D4-44C5-89C3-914B5C347E1E}.Debug|ARM64.Build.0 = Debug|Any CPU
		{BFE95CC4-90D4-44C5-89C3-914B5C347E1E}.Debug|x64.ActiveCfg = Debug|Any CPU
		{BFE95CC4-90D4-44C5-89C3-914B5C347E1E}.Debug|x64.Build.0 = Debug|Any CPU
		{BFE95CC4-90D4-44C5-89C3-914B5C347E1E}.Debug|x86.ActiveCfg = Debug|Any CPU
		{BFE95CC4-90D4-44C5-89C3-914B5C347E1E}.Debug|x86.Build.0 = Debug|Any CPU
		{BFE95CC4-90D4-44C5-89C3-914B5C347E1E}.Release|Any CPU.ActiveCfg = Release|Any CPU
		{BFE95CC4-90D4-44C5-89C3-914B5C347E1E}.Release|Any CPU.Build.0 = Release|Any CPU
		{BFE95CC4-90D4-44C5-89C3-914B5C347E1E}.Release|ARM.ActiveCfg = Release|Any CPU
		{BFE95CC4-90D4-44C5-89C3-914B5C347E1E}.Release|ARM.Build.0 = Release|Any CPU
		{BFE95CC4-90D4-44C5-89C3-914B5C347E1E}.Release|ARM64.ActiveCfg = Release|Any CPU
		{BFE95CC4-90D4-44C5-89C3-914B5C347E1E}.Release|ARM64.Build.0 = Release|Any CPU
		{BFE95CC4-90D4-44C5-89C3-914B5C347E1E}.Release|x64.ActiveCfg = Release|Any CPU
		{BFE95CC4-90D4-44C5-89C3-914B5C347E1E}.Release|x64.Build.0 = Release|Any CPU
		{BFE95CC4-90D4-44C5-89C3-914B5C347E1E}.Release|x86.ActiveCfg = Release|Any CPU
		{BFE95CC4-90D4-44C5-89C3-914B5C347E1E}.Release|x86.Build.0 = Release|Any CPU
	EndGlobalSection
	GlobalSection(SolutionProperties) = preSolution
		HideSolutionNode = FALSE
	EndGlobalSection
	GlobalSection(NestedProjects) = preSolution
		{F4877B01-613B-4BC8-9FAB-91967615C614} = {BDFFBC21-9D2D-4F18-9E62-3C8623B23CA8}
		{AA770514-8E9C-4743-9E50-752A476D45D8} = {BDFFBC21-9D2D-4F18-9E62-3C8623B23CA8}
		{E0BA4AEC-8AF7-4C4F-8F70-5F7F7FD50E46} = {EE3E6FC9-3066-4DCA-90DC-8937F0570E8B}
		{AD491A35-95FF-4A4B-9B4C-6525944E2BA5} = {9636A15B-C69C-4B71-AE1F-C9A56EA614EA}
		{9636A15B-C69C-4B71-AE1F-C9A56EA614EA} = {27D13C1D-649F-402A-AA80-0B286A48B954}
		{6B69EA11-7316-4F5D-A6CD-8443F49C08D6} = {9636A15B-C69C-4B71-AE1F-C9A56EA614EA}
		{26F50CB1-FF85-457A-A1CB-9F0A836312BD} = {6D925BB0-83ED-406D-8579-89780C345751}
		{25AF8DF6-FB1D-4D71-BEDD-1009883697FE} = {6D925BB0-83ED-406D-8579-89780C345751}
		{627EA06A-5DF9-4DBC-8EAD-9780B42B09A3} = {26F50CB1-FF85-457A-A1CB-9F0A836312BD}
		{BB1FBCEE-EAED-45EE-96D1-C149D52FFACC} = {25AF8DF6-FB1D-4D71-BEDD-1009883697FE}
		{6D9D7A6E-7367-44EB-A9EE-2E89C92B36A6} = {853C1FD1-7F62-4684-9ABD-D10C4C679F94}
		{79FA78D4-C996-477C-BB36-C084A3CE6DBE} = {6D9D7A6E-7367-44EB-A9EE-2E89C92B36A6}
		{CA4E5D18-15E5-4521-A219-DE73B06352C8} = {853C1FD1-7F62-4684-9ABD-D10C4C679F94}
		{D67C7212-C198-40B2-9843-D9D916D808F7} = {CA4E5D18-15E5-4521-A219-DE73B06352C8}
		{5A0746BD-6009-46B3-8FCE-6760CF44D38E} = {CA4E5D18-15E5-4521-A219-DE73B06352C8}
		{522E6E2E-A20F-46FA-824C-ECB036FDB6D5} = {BF59DF02-5A1B-4B78-A1DE-80F8B1126A48}
		{9B1A6FC2-9C3D-473D-A102-84B330A8799E} = {BF59DF02-5A1B-4B78-A1DE-80F8B1126A48}
		{177D9D40-4138-4081-86C6-18C14333F87B} = {B7FC4B14-8147-4E8B-ADC3-1995AD08CF34}
		{995E2C46-D019-4F1C-82CF-346211FDE899} = {B7FC4B14-8147-4E8B-ADC3-1995AD08CF34}
		{E68CB904-A298-4B83-8475-EC61668C295B} = {928371EE-C114-43EF-A337-017EFF45709A}
		{928371EE-C114-43EF-A337-017EFF45709A} = {1644C089-00A1-4F69-984D-0C9AFB0E7B33}
		{53F1E91D-C3CD-4BC6-AF27-B87B0263E996} = {1644C089-00A1-4F69-984D-0C9AFB0E7B33}
		{8C7590D7-6825-437E-970D-AD85B5BD8178} = {53F1E91D-C3CD-4BC6-AF27-B87B0263E996}
		{C405B7CB-0FD0-4D24-A830-C8F1CFC9520B} = {1644C089-00A1-4F69-984D-0C9AFB0E7B33}
		{AB86085A-C502-4DD9-A7DE-5967721E4B69} = {C405B7CB-0FD0-4D24-A830-C8F1CFC9520B}
		{BF8A6A9B-DCCC-4685-A247-0A9BA2F1F8C8} = {1644C089-00A1-4F69-984D-0C9AFB0E7B33}
		{888AB65D-3594-4499-A8B1-B003EED986FD} = {BF8A6A9B-DCCC-4685-A247-0A9BA2F1F8C8}
		{76469A71-F3E4-4F7B-8948-208E9ADA86F5} = {5ACD4D93-AEBA-4B65-B6D6-C9BFAD834910}
		{638EEF96-6040-4BF2-8284-67E4ADD91C9B} = {76469A71-F3E4-4F7B-8948-208E9ADA86F5}
		{DD3243B1-BFA1-41F8-8B4F-3C95E4907614} = {5ACD4D93-AEBA-4B65-B6D6-C9BFAD834910}
		{C5FF9DC3-246F-4052-ADE0-07F08F55E932} = {DD3243B1-BFA1-41F8-8B4F-3C95E4907614}
		{4E87F299-7A52-469A-92F9-8DE4CCBCF43D} = {5ACD4D93-AEBA-4B65-B6D6-C9BFAD834910}
		{5670342B-FF24-4708-AEDC-658DDAB599AF} = {4E87F299-7A52-469A-92F9-8DE4CCBCF43D}
		{B97D98C1-8D0E-425B-ABE7-7E2BB36C53B0} = {5ACD4D93-AEBA-4B65-B6D6-C9BFAD834910}
		{BFE95CC4-90D4-44C5-89C3-914B5C347E1E} = {B97D98C1-8D0E-425B-ABE7-7E2BB36C53B0}
	EndGlobalSection
	GlobalSection(ExtensibilityGlobals) = postSolution
		SolutionGuid = {922E0275-1271-4EE8-AA32-C4874CA51395}
	EndGlobalSection
EndGlobal
